
Microsoft Visual Studio Solution File, Format Version 12.00
# Visual Studio 14
VisualStudioVersion = 14.0.22310.1
MinimumVisualStudioVersion = 10.0.40219.1
Project("{FAE04EC0-301F-11D3-BF4B-00C04F79EFBC}") = "AngleSharp.TestSite", "AngleSharp.TestSite\AngleSharp.TestSite.csproj", "{7C4BE9B9-30E6-411B-8403-F05755533583}"
EndProject
Global
	GlobalSection(SolutionConfigurationPlatforms) = preSolution
		Debug|Any CPU = Debug|Any CPU
		Release|Any CPU = Release|Any CPU
	EndGlobalSection
	GlobalSection(ProjectConfigurationPlatforms) = postSolution
		{7C4BE9B9-30E6-411B-8403-F05755533583}.Debug|Any CPU.ActiveCfg = Debug|Any CPU
		{7C4BE9B9-30E6-411B-8403-F05755533583}.Debug|Any CPU.Build.0 = Debug|Any CPU
		{7C4BE9B9-30E6-411B-8403-F05755533583}.Release|Any CPU.ActiveCfg = Release|Any CPU
		{7C4BE9B9-30E6-411B-8403-F05755533583}.Release|Any CPU.Build.0 = Release|Any CPU
	EndGlobalSection
	GlobalSection(SolutionProperties) = preSolution
		HideSolutionNode = FALSE
	EndGlobalSection
EndGlobal
